{
  "nodes": {
    "nix-darwin": {
      "inputs": {
        "nixpkgs": [
          "nixpkgs"
        ]
      },
      "locked": {
        "lastModified": 1721655289,
        "narHash": "sha256-eJQQwXOKWjom9gtb7HvHd3+Wj5Sp+WrYR44r0EnaO5w=",
        "owner": "LnL7",
        "repo": "nix-darwin",
        "rev": "2ae24bcafdb88fdf70b061cc8b18d070dbd9013a",
        "type": "github"
      },
      "original": {
        "owner": "LnL7",
        "repo": "nix-darwin",
        "type": "github"
      }
    },
    "nixpkgs": {
      "locked": {
        "lastModified": 1721622093,
        "narHash": "sha256-iQ+quy3A1EKeFyLyAtjhgSvZHH7r+xybXZkxMhasN4I=",
        "owner": "NixOS",
        "repo": "nixpkgs",
        "rev": "453402b94f39f968a7c27df28e060f69e4a50c3b",
        "type": "github"
      },
      "original": {
        "owner": "NixOS",
        "ref": "nixpkgs-unstable",
        "repo": "nixpkgs",
        "type": "github"
      }
    },
    "root": {
      "inputs": {
        "nix-darwin": "nix-darwin",
        "nixpkgs": "nixpkgs"
      }
    }
  },
  "root": "root",
  "version": 7
}
